
Microsoft Visual Studio Solution File, Format Version 12.00
# Visual Studio Version 17
VisualStudioVersion = 17.1.32421.90
MinimumVisualStudioVersion = 10.0.40219.1
Project("{9A19103F-16F7-4668-BE54-9A1E7A4F7556}") = "MyEngine", "MyEngine\MyEngine.csproj", "{54395B8B-1326-44FB-8D04-A1182B6EEB8E}"
EndProject
Project("{FAE04EC0-301F-11D3-BF4B-00C04F79EFBC}") = "MyMiniEngine", "MyMiniEngine\MyMiniEngine.csproj", "{D6E439B6-AC1F-41A8-94E2-DDDB0098226F}"
EndProject
Global
	GlobalSection(SolutionConfigurationPlatforms) = preSolution
		Debug|Any CPU = Debug|Any CPU
		Release|Any CPU = Release|Any CPU
	EndGlobalSection
	GlobalSection(ProjectConfigurationPlatforms) = postSolution
		{54395B8B-1326-44FB-8D04-A1182B6EEB8E}.Debug|Any CPU.ActiveCfg = Debug|Any CPU
		{54395B8B-1326-44FB-8D04-A1182B6EEB8E}.Debug|Any CPU.Build.0 = Debug|Any CPU
		{54395B8B-1326-44FB-8D04-A1182B6EEB8E}.Release|Any CPU.ActiveCfg = Release|Any CPU
		{54395B8B-1326-44FB-8D04-A1182B6EEB8E}.Release|Any CPU.Build.0 = Release|Any CPU
		{D6E439B6-AC1F-41A8-94E2-DDDB0098226F}.Debug|Any CPU.ActiveCfg = Debug|Any CPU
		{D6E439B6-AC1F-41A8-94E2-DDDB0098226F}.Debug|Any CPU.Build.0 = Debug|Any CPU
		{D6E439B6-AC1F-41A8-94E2-DDDB0098226F}.Release|Any CPU.ActiveCfg = Release|Any CPU
		{D6E439B6-AC1F-41A8-94E2-DDDB0098226F}.Release|Any CPU.Build.0 = Release|Any CPU
	EndGlobalSection
	GlobalSection(SolutionProperties) = preSolution
		HideSolutionNode = FALSE
	EndGlobalSection
	GlobalSection(ExtensibilityGlobals) = postSolution
		SolutionGuid = {F0585713-72EB-4367-8F1A-3F13CEB54212}
	EndGlobalSection
EndGlobal
